
Microsoft Visual Studio Solution File, Format Version 12.00
# Visual Studio Version 16
VisualStudioVersion = 16.0.31702.278
MinimumVisualStudioVersion = 10.0.40219.1
Project("{FAE04EC0-301F-11D3-BF4B-00C04F79EFBC}") = "Slots", "Slots\Slots.csproj", "{4120976B-AEF7-4EF6-86D5-9A3882C032BD}"
EndProject
Global
	GlobalSection(SolutionConfigurationPlatforms) = preSolution
		Debug|Any CPU = Debug|Any CPU
		Release|Any CPU = Release|Any CPU
	EndGlobalSection
	GlobalSection(ProjectConfigurationPlatforms) = postSolution
		{4120976B-AEF7-4EF6-86D5-9A3882C032BD}.Debug|Any CPU.ActiveCfg = Debug|Any CPU
		{4120976B-AEF7-4EF6-86D5-9A3882C032BD}.Debug|Any CPU.Build.0 = Debug|Any CPU
		{4120976B-AEF7-4EF6-86D5-9A3882C032BD}.Release|Any CPU.ActiveCfg = Release|Any CPU
		{4120976B-AEF7-4EF6-86D5-9A3882C032BD}.Release|Any CPU.Build.0 = Release|Any CPU
	EndGlobalSection
	GlobalSection(SolutionProperties) = preSolution
		HideSolutionNode = FALSE
	EndGlobalSection
	GlobalSection(ExtensibilityGlobals) = postSolution
		SolutionGuid = {26A40936-037C-4209-B666-2D84341FD894}
	EndGlobalSection
EndGlobal
